
Microsoft Visual Studio Solution File, Format Version 12.00
# Visual Studio Version 17
VisualStudioVersion = 17.8.34309.116
MinimumVisualStudioVersion = 10.0.40219.1
Project("{FAE04EC0-301F-11D3-BF4B-00C04F79EFBC}") = "SemaphorePlus", "SemaphorePlus\SemaphorePlus.csproj", "{0378C385-1A27-4803-A996-254DBEEC2320}"
EndProject
Global
	GlobalSection(SolutionConfigurationPlatforms) = preSolution
		Debug|Any CPU = Debug|Any CPU
		Release|Any CPU = Release|Any CPU
	EndGlobalSection
	GlobalSection(ProjectConfigurationPlatforms) = postSolution
		{0378C385-1A27-4803-A996-254DBEEC2320}.Debug|Any CPU.ActiveCfg = Debug|Any CPU
		{0378C385-1A27-4803-A996-254DBEEC2320}.Debug|Any CPU.Build.0 = Debug|Any CPU
		{0378C385-1A27-4803-A996-254DBEEC2320}.Release|Any CPU.ActiveCfg = Release|Any CPU
		{0378C385-1A27-4803-A996-254DBEEC2320}.Release|Any CPU.Build.0 = Release|Any CPU
	EndGlobalSection
	GlobalSection(SolutionProperties) = preSolution
		HideSolutionNode = FALSE
	EndGlobalSection
	GlobalSection(ExtensibilityGlobals) = postSolution
		SolutionGuid = {FE24934A-C5DE-4606-8DCA-1CE833B17578}
	EndGlobalSection
EndGlobal
